<?xml version="1.0" encoding="UTF-8" standalone="yes" ?>
<CodeBlocks_project_file>
	<FileVersion major="1" minor="6" />
	<Project>
		<Option title="RemoteInput" />
		<Option pch_mode="2" />
		<Option compiler="gcc" />
		<Build>
			<Target title="Debug">
				<Option output="bin/Debug/RemoteInput" prefix_auto="1" extension_auto="1" />
				<Option object_output="obj/Debug/" />
				<Option type="3" />
				<Option compiler="gcc" />
				<Option createDefFile="1" />
				<Option createStaticLib="1" />
				<Compiler>
					<Add option="-Wall" />
					<Add option="-g" />
					<Add option="-DBUILD_DLL" />
				</Compiler>
				<Linker>
					<Add library="user32" />
					<Add library="opengl32" />
				</Linker>
			</Target>
			<Target title="Release">
				<Option output="bin/Release/RemoteInput" prefix_auto="1" extension_auto="1" />
				<Option object_output="obj/Release/" />
				<Option type="3" />
				<Option compiler="gcc" />
				<Option createDefFile="1" />
				<Option createStaticLib="1" />
				<Compiler>
					<Add option="-O3" />
					<Add option="-Wall" />
					<Add option="-DBUILD_DLL" />
				</Compiler>
				<Linker>
					<Add option="-s" />
					<Add library="user32" />
					<Add library="opengl32" />
				</Linker>
			</Target>
		</Build>
		<Compiler>
			<Add option="-std=c++1z" />
			<Add option="-m32" />
			<Add directory="C:/Program Files/Java/jdk1.8.0_73/include" />
			<Add directory="C:/Program Files/Java/jdk1.8.0_73/include/win32" />
			<Add directory="RemoteInput" />
			<Add directory="RemoteInput/Echo" />
			<Add directory="RemoteInput/Platform" />
			<Add directory="RemoteInput/Plugin" />
			<Add directory="RemoteInput/Java" />
			<Add directory="RemoteInput/Thirdparty/min_hook/include" />
		</Compiler>
		<Linker>
			<Add option="-static-libstdc++" />
			<Add option="-static-libgcc" />
			<Add option="-static" />
			<Add option="-m32" />
			<Add option="RemoteInput/RemoteInput.def" />
		</Linker>
		<Unit filename="RemoteInput/DetachedThreadPool.cxx" />
		<Unit filename="RemoteInput/DetachedThreadPool.hxx" />
		<Unit filename="RemoteInput/EIOS.cxx" />
		<Unit filename="RemoteInput/EIOS.hxx" />
		<Unit filename="RemoteInput/Echo/MemoryMap.hxx" />
		<Unit filename="RemoteInput/Echo/Module.cxx" />
		<Unit filename="RemoteInput/Echo/Module.hxx" />
		<Unit filename="RemoteInput/Echo/SharedEvent.cxx" />
		<Unit filename="RemoteInput/Echo/SharedEvent.hxx" />
		<Unit filename="RemoteInput/Echo/Time.cxx" />
		<Unit filename="RemoteInput/Echo/Time.hxx" />
		<Unit filename="RemoteInput/Info.plist" />
		<Unit filename="RemoteInput/JVM.cxx" />
		<Unit filename="RemoteInput/JVM.hxx" />
		<Unit filename="RemoteInput/Java/AWTAccessor.cxx" />
		<Unit filename="RemoteInput/Java/AWTAccessor.hxx" />
		<Unit filename="RemoteInput/Java/AWTEvent.cxx" />
		<Unit filename="RemoteInput/Java/AWTEvent.hxx" />
		<Unit filename="RemoteInput/Java/AWTEventAccessor.cxx" />
		<Unit filename="RemoteInput/Java/AWTEventAccessor.hxx" />
		<Unit filename="RemoteInput/Java/Applet.cxx" />
		<Unit filename="RemoteInput/Java/Applet.hxx" />
		<Unit filename="RemoteInput/Java/Component.cxx" />
		<Unit filename="RemoteInput/Java/Component.hxx" />
		<Unit filename="RemoteInput/Java/EventQueue.cxx" />
		<Unit filename="RemoteInput/Java/EventQueue.hxx" />
		<Unit filename="RemoteInput/Java/FocusEvent.cxx" />
		<Unit filename="RemoteInput/Java/FocusEvent.hxx" />
		<Unit filename="RemoteInput/Java/Frame.cxx" />
		<Unit filename="RemoteInput/Java/Frame.hxx" />
		<Unit filename="RemoteInput/Java/InputEvent.cxx" />
		<Unit filename="RemoteInput/Java/InputEvent.hxx" />
		<Unit filename="RemoteInput/Java/KeyEvent.cxx" />
		<Unit filename="RemoteInput/Java/KeyEvent.hxx" />
		<Unit filename="RemoteInput/Java/MouseEvent.cxx" />
		<Unit filename="RemoteInput/Java/MouseEvent.hxx" />
		<Unit filename="RemoteInput/Java/MouseWheelEvent.cxx" />
		<Unit filename="RemoteInput/Java/MouseWheelEvent.hxx" />
		<Unit filename="RemoteInput/Java/Toolkit.cxx" />
		<Unit filename="RemoteInput/Java/Toolkit.hxx" />
		<Unit filename="RemoteInput/Platform/DebugConsole.cxx" />
		<Unit filename="RemoteInput/Platform/DebugConsole.hxx" />
		<Unit filename="RemoteInput/Platform/JavaInternal.hxx" />
		<Unit filename="RemoteInput/Platform/NativeHooks.hxx" />
		<Unit filename="RemoteInput/Platform/NativeHooks_Darwin.cxx" />
		<Unit filename="RemoteInput/Platform/NativeHooks_Linux.cxx" />
		<Unit filename="RemoteInput/Platform/NativeHooks_Windows.cxx" />
		<Unit filename="RemoteInput/Platform/Platform.hxx" />
		<Unit filename="RemoteInput/Platform/Platform_Darwin.cxx" />
		<Unit filename="RemoteInput/Platform/Platform_Linux.cxx" />
		<Unit filename="RemoteInput/Platform/Platform_Windows.cxx" />
		<Unit filename="RemoteInput/Plugin/ControlCenter.cxx" />
		<Unit filename="RemoteInput/Plugin/ControlCenter.hxx" />
		<Unit filename="RemoteInput/Plugin/Graphics.cxx" />
		<Unit filename="RemoteInput/Plugin/Graphics.hxx" />
		<Unit filename="RemoteInput/Plugin/InputOutput.cxx" />
		<Unit filename="RemoteInput/Plugin/InputOutput.hxx" />
		<Unit filename="RemoteInput/Plugin/Plugin.cxx" />
		<Unit filename="RemoteInput/Plugin/Plugin.hxx" />
		<Unit filename="RemoteInput/Plugin/Signal.hxx" />
		<Unit filename="RemoteInput/Plugin/SimbaPlugin.cxx" />
		<Unit filename="RemoteInput/Plugin/SimbaPlugin.hxx" />
		<Unit filename="RemoteInput/Plugin/TMemoryManager.hxx" />
		<Unit filename="RemoteInput/Random.cxx" />
		<Unit filename="RemoteInput/Random.hxx" />
		<Unit filename="RemoteInput/Reflection.cxx" />
		<Unit filename="RemoteInput/Reflection.hxx" />
		<Unit filename="RemoteInput/RemoteInput.h" />
		<Unit filename="RemoteInput/Thirdparty/min_hook/include/MinHook.h" />
		<Unit filename="RemoteInput/Thirdparty/min_hook/src/buffer.c">
			<Option compilerVar="CC" />
		</Unit>
		<Unit filename="RemoteInput/Thirdparty/min_hook/src/buffer.h" />
		<Unit filename="RemoteInput/Thirdparty/min_hook/src/hde/hde32.c">
			<Option compilerVar="CC" />
		</Unit>
		<Unit filename="RemoteInput/Thirdparty/min_hook/src/hde/hde32.h" />
		<Unit filename="RemoteInput/Thirdparty/min_hook/src/hde/hde64.c">
			<Option compilerVar="CC" />
		</Unit>
		<Unit filename="RemoteInput/Thirdparty/min_hook/src/hde/hde64.h" />
		<Unit filename="RemoteInput/Thirdparty/min_hook/src/hde/pstdint.h" />
		<Unit filename="RemoteInput/Thirdparty/min_hook/src/hde/table32.h" />
		<Unit filename="RemoteInput/Thirdparty/min_hook/src/hde/table64.h" />
		<Unit filename="RemoteInput/Thirdparty/min_hook/src/hook.c">
			<Option compilerVar="CC" />
		</Unit>
		<Unit filename="RemoteInput/Thirdparty/min_hook/src/trampoline.c">
			<Option compilerVar="CC" />
		</Unit>
		<Unit filename="RemoteInput/Thirdparty/min_hook/src/trampoline.h" />
		<Unit filename="RemoteInput/ThreadPool.cxx" />
		<Unit filename="RemoteInput/ThreadPool.hxx" />
		<Extensions>
			<code_completion />
			<envvars />
			<debugger />
			<lib_finder disable_auto="1" />
		</Extensions>
	</Project>
</CodeBlocks_project_file>
